# THIS IS AN AUTOGENERATED FILE. DO NOT EDIT THIS FILE DIRECTLY.
# yarn lockfile v1


"@davidwu226/file@^0.11.0":
  version "0.11.0"
  resolved "https://registry.yarnpkg.com/@davidwu226/file/-/file-0.11.0.tgz#d785eb5288f86d3e75b3cbd183ce5836534382ef"
  dependencies:
    mime "^1.2.11"

"@davidwu226/formdata@^0.11.1":
  version "0.11.1"
  resolved "https://registry.yarnpkg.com/@davidwu226/formdata/-/formdata-0.11.1.tgz#7e14b6048c2159d7368c4a0604902246adab8782"
  dependencies:
    "@davidwu226/file" "^0.11.0"
    FileList "^0.10.2"
    bufferjs "^2.0.0"
    filereader "^0.10.3"
    foreachasync "^3.0.0"
    remedial "^1.0.7"

FileList@^0.10.2:
  version "0.10.2"
  resolved "https://registry.yarnpkg.com/FileList/-/FileList-0.10.2.tgz#6003b1a9715934164b67c434ad6a8741a1cd147a"

bufferjs@^2.0.0:
  version "2.0.0"
  resolved "https://registry.yarnpkg.com/bufferjs/-/bufferjs-2.0.0.tgz#685e71ed5c0600e3d703ff9bd012bb3270a39e28"

file-error@^0.10.2:
  version "0.10.2"
  resolved "https://registry.yarnpkg.com/file-error/-/file-error-0.10.2.tgz#963b48b9273b3d4b84b400ee571bc78b1739724a"

filereader@^0.10.3:
  version "0.10.3"
  resolved "https://registry.yarnpkg.com/filereader/-/filereader-0.10.3.tgz#c747d4a2cd8f61e5418a7c07fe1257a43f0acdb1"

foreachasync@^3.0.0:
  version "3.0.0"
  resolved "https://registry.yarnpkg.com/foreachasync/-/foreachasync-3.0.0.tgz#5502987dc8714be3392097f32e0071c9dee07cf6"

mime@^1.2.11:
  version "1.6.0"
  resolved "https://registry.yarnpkg.com/mime/-/mime-1.6.0.tgz#32cd9e5c64553bd58d19a568af452acff04981b1"

remedial@^1.0.7:
  version "1.0.8"
  resolved "https://registry.yarnpkg.com/remedial/-/remedial-1.0.8.tgz#a5e4fd52a0e4956adbaf62da63a5a46a78c578a0"
